// !$*UTF8*$!
{
	archiveVersion = 1;
	classes = {
	};
	objectVersion = 50;
	objects = {

/* Begin PBXBuildFile section */
		183A5EA921C22C01003DC16C /* AppDelegate.swift in Sources */ = {isa = PBXBuildFile; fileRef = 183A5EA821C22C01003DC16C /* AppDelegate.swift */; };
		183A5EAB21C22C01003DC16C /* ViewController.swift in Sources */ = {isa = PBXBuildFile; fileRef = 183A5EAA21C22C01003DC16C /* ViewController.swift */; };
		183A5EAE21C22C01003DC16C /* Main.storyboard in Resources */ = {isa = PBXBuildFile; fileRef = 183A5EAC21C22C01003DC16C /* Main.storyboard */; };
		183A5EB021C22C04003DC16C /* Assets.xcassets in Resources */ = {isa = PBXBuildFile; fileRef = 183A5EAF21C22C04003DC16C /* Assets.xcassets */; };
		183A5EB321C22C04003DC16C /* LaunchScreen.storyboard in Resources */ = {isa = PBXBuildFile; fileRef = 183A5EB121C22C04003DC16C /* LaunchScreen.storyboard */; };
		183A5EBB21C22CE3003DC16C /* codekul_logo.png in Resources */ = {isa = PBXBuildFile; fileRef = 183A5EBA21C22CE3003DC16C /* codekul_logo.png */; };
/* End PBXBuildFile section */

/* Begin PBXFileReference section */
		183A5EA521C22C01003DC16C /* AutoLayoutDemo3.app */ = {isa = PBXFileReference; explicitFileType = wrapper.application; includeInIndex = 0; path = AutoLayoutDemo3.app; sourceTree = BUILT_PRODUCTS_DIR; };
		183A5EA821C22C01003DC16C /* AppDelegate.swift */ = {isa = PBXFileReference; lastKnownFileType = sourcecode.swift; path = AppDelegate.swift; sourceTree = "<group>"; };
		183A5EAA21C22C01003DC16C /* ViewController.swift */ = {isa = PBXFileReference; lastKnownFileType = sourcecode.swift; path = ViewController.swift; sourceTree = "<group>"; };
		183A5EAD21C22C01003DC16C /* Base */ = {isa = PBXFileReference; lastKnownFileType = file.storyboard; name = Base; path = Base.lproj/Main.storyboard; sourceTree = "<group>"; };
		183A5EAF21C22C04003DC16C /* Assets.xcassets */ = {isa = PBXFileReference; lastKnownFileType = folder.assetcatalog; path = Assets.xcassets; sourceTree = "<group>"; };
		183A5EB221C22C04003DC16C /* Base */ = {isa = PBXFileReference; lastKnownFileType = file.storyboard; name = Base; path = Base.lproj/LaunchScreen.storyboard; sourceTree = "<group>"; };
		183A5EB421C22C04003DC16C /* Info.plist */ = {isa = PBXFileReference; lastKnownFileType = text.plist.xml; path = Info.plist; sourceTree = "<group>"; };
		183A5EBA21C22CE3003DC16C /* codekul_logo.png */ = {isa = PBXFileReference; lastKnownFileType = image.png; path = codekul_logo.png; sourceTree = "<group>"; };
/* End PBXFileReference section */

/* Begin PBXFrameworksBuildPhase section */
		183A5EA221C22C00003DC16C /* Frameworks */ = {
			isa = PBXFrameworksBuildPhase;
			buildActionMask = 2147483647;
			files = (
			);
			runOnlyForDeploymentPostprocessing = 0;
		};
/* End PBXFrameworksBuildPhase section */

/* Begin PBXGroup section */
		183A5E9C21C22C00003DC16C = {
			isa = PBXGroup;
			children = (
				183A5EA721C22C01003DC16C /* AutoLayoutDemo3 */,
				183A5EA621C22C01003DC16C /* Products */,
			);
			sourceTree = "<group>";
		};
		183A5EA621C22C01003DC16C /* Products */ = {
			isa = PBXGroup;
			children = (
				183A5EA521C22C01003DC16C /* AutoLayoutDemo3.app */,
			);
			name = Products;
			sourceTree = "<group>";
		};
		183A5EA721C22C01003DC16C /* AutoLayoutDemo3 */ = {
			isa = PBXGroup;
			children = (
				183A5EA821C22C01003DC16C /* AppDelegate.swift */,
				183A5EAA21C22C01003DC16C /* ViewController.swift */,
				183A5EAC21C22C01003DC16C /* Main.storyboard */,
				183A5EAF21C22C04003DC16C /* Assets.xcassets */,
				183A5EB121C22C04003DC16C /* LaunchScreen.storyboard */,
				183A5EB421C22C04003DC16C /* Info.plist */,
				183A5EBA21C22CE3003DC16C /* codekul_logo.png */,
			);
			path = AutoLayoutDemo3;
			sourceTree = "<group>";
		};
/* End PBXGroup section */

/* Begin PBXNativeTarget section */
		183A5EA421C22C00003DC16C /* AutoLayoutDemo3 */ = {
			isa = PBXNativeTarget;
			buildConfigurationList = 183A5EB721C22C04003DC16C /* Build configuration list for PBXNativeTarget "AutoLayoutDemo3" */;
			buildPhases = (
				183A5EA121C22C00003DC16C /* Sources */,
				183A5EA221C22C00003DC16C /* Frameworks */,
				183A5EA321C22C00003DC16C /* Resources */,
			);
			buildRules = (
			);
			dependencies = (
			);
			name = AutoLayoutDemo3;
			productName = AutoLayoutDemo3;
			productReference = 183A5EA521C22C01003DC16C /* AutoLayoutDemo3.app */;
			productType = "com.apple.product-type.application";
		};
/* End PBXNativeTarget section */

/* Begin PBXProject section */
		183A5E9D21C22C00003DC16C /* Project object */ = {
			isa = PBXProject;
			attributes = {
				LastSwiftUpdateCheck = 1010;
				LastUpgradeCheck = 1010;
				ORGANIZATIONNAME = Codekul;
				TargetAttributes = {
					183A5EA421C22C00003DC16C = {
						CreatedOnToolsVersion = 10.1;
					};
				};
			};
			buildConfigurationList = 183A5EA021C22C00003DC16C /* Build configuration list for PBXProject "AutoLayoutDemo3" */;
			compatibilityVersion = "Xcode 9.3";
			developmentRegion = en;
			hasScannedForEncodings = 0;
			knownRegions = (
				en,
				Base,
			);
			mainGroup = 183A5E9C21C22C00003DC16C;
			productRefGroup = 183A5EA621C22C01003DC16C /* Products */;
			projectDirPath = "";
			projectRoot = "";
			targets = (
				183A5EA421C22C00003DC16C /* AutoLayoutDemo3 */,
			);
		};
/* End PBXProject section */

/* Begin PBXResourcesBuildPhase section */
		183A5EA321C22C00003DC16C /* Resources */ = {
			isa = PBXResourcesBuildPhase;
			buildActionMask = 2147483647;
			files = (
				183A5EB321C22C04003DC16C /* LaunchScreen.storyboard in Resources */,
				183A5EBB21C22CE3003DC16C /* codekul_logo.png in Resources */,
				183A5EB021C22C04003DC16C /* Assets.xcassets in Resources */,
				183A5EAE21C22C01003DC16C /* Main.storyboard in Resources */,
			);
			runOnlyForDeploymentPostprocessing = 0;
		};
/* End PBXResourcesBuildPhase section */

/* Begin PBXSourcesBuildPhase section */
		183A5EA121C22C00003DC16C /* Sources */ = {
			isa = PBXSourcesBuildPhase;
			buildActionMask = 2147483647;
			files = (
				183A5EAB21C22C01003DC16C /* ViewController.swift in Sources */,
				183A5EA921C22C01003DC16C /* AppDelegate.swift in Sources */,
			);
			runOnlyForDeploymentPostprocessing = 0;
		};
/* End PBXSourcesBuildPhase section */

/* Begin PBXVariantGroup section */
		183A5EAC21C22C01003DC16C /* Main.storyboard */ = {
			isa = PBXVariantGroup;
			children = (
				183A5EAD21C22C01003DC16C /* Base */,
			);
			name = Main.storyboard;
			sourceTree = "<group>";
		};
		183A5EB121C22C04003DC16C /* LaunchScreen.storyboard */ = {
			isa = PBXVariantGroup;
			children = (
				183A5EB221C22C04003DC16C /* Base */,
			);
			name = LaunchScreen.storyboard;
			sourceTree = "<group>";
		};
/* End PBXVariantGroup section */

/* Begin XCBuildConfiguration section */
		183A5EB521C22C04003DC16C /* Debug */ = {
			isa = XCBuildConfiguration;
			buildSettings = {
				ALWAYS_SEARCH_USER_PATHS = NO;
				CLANG_ANALYZER_NONNULL = YES;
				CLANG_ANALYZER_NUMBER_OBJECT_CONVERSION = YES_AGGRESSIVE;
				CLANG_CXX_LANGUAGE_STANDARD = "gnu++14";
				CLANG_CXX_LIBRARY = "libc++";
				CLANG_ENABLE_MODULES = YES;
				CLANG_ENABLE_OBJC_ARC = YES;
				CLANG_ENABLE_OBJC_WEAK = YES;
				CLANG_WARN_BLOCK_CAPTURE_AUTORELEASING = YES;
				CLANG_WARN_BOOL_CONVERSION = YES;
				CLANG_WARN_COMMA = YES;
				CLANG_WARN_CONSTANT_CONVERSION = YES;
				CLANG_WARN_DEPRECATED_OBJC_IMPLEMENTATIONS = YES;
				CLANG_WARN_DIRECT_OBJC_ISA_USAGE = YES_ERROR;
				CLANG_WARN_DOCUMENTATION_COMMENTS = YES;
				CLANG_WARN_EMPTY_BODY = YES;
				CLANG_WARN_ENUM_CONVERSION = YES;
				CLANG_WARN_INFINITE_RECURSION = YES;
				CLANG_WARN_INT_CONVERSION = YES;
				CLANG_WARN_NON_LITERAL_NULL_CONVERSION = YES;
				CLANG_WARN_OBJC_IMPLICIT_RETAIN_SELF = YES;
				CLANG_WARN_OBJC_LITERAL_CONVERSION = YES;
				CLANG_WARN_OBJC_ROOT_CLASS = YES_ERROR;
				CLANG_WARN_RANGE_LOOP_ANALYSIS = YES;
				CLANG_WARN_STRICT_PROTOTYPES = YES;
				CLANG_WARN_SUSPICIOUS_MOVE = YES;
				CLANG_WARN_UNGUARDED_AVAILABILITY = YES_AGGRESSIVE;
				CLANG_WARN_UNREACHABLE_CODE = YES;
				CLANG_WARN__DUPLICATE_METHOD_MATCH = YES;
				CODE_SIGN_IDENTITY = "iPhone Developer";
				COPY_PHASE_STRIP = NO;
				DEBUG_INFORMATION_FORMAT = dwarf;
				ENABLE_STRICT_OBJC_MSGSEND = YES;
				ENABLE_TESTABILITY = YES;
				GCC_C_LANGUAGE_STANDARD = gnu11;
				GCC_DYNAMIC_NO_PIC = NO;
				GCC_NO_COMMON_BLOCKS = YES;
				GCC_OPTIMIZATION_LEVEL = 0;
				GCC_PREPROCESSOR_DEFINITIONS = (
					"DEBUG=1",
					"$(inherited)",
				);
				GCC_WARN_64_TO_32_BIT_CONVERSION = YES;
				GCC_WARN_ABOUT_RETURN_TYPE = YES_ERROR;
				GCC_WARN_UNDECLARED_SELECTOR = YES;
				GCC_WARN_UNINITIALIZED_AUTOS = YES_AGGRESSIVE;
				GCC_WARN_UNUSED_FUNCTION = YES;
				GCC_WARN_UNUSED_VARIABLE = YES;
				IPHONEOS_DEPLOYMENT_TARGET = 12.1;
				MTL_ENABLE_DEBUG_INFO = INCLUDE_SOURCE;
				MTL_FAST_MATH = YES;
				ONLY_ACTIVE_ARCH = YES;
				SDKROOT = iphoneos;
				SWIFT_ACTIVE_COMPILATION_CONDITIONS = DEBUG;
				SWIFT_OPTIMIZATION_LEVEL = "-Onone";
			};
			name = Debug;
		};
		183A5EB621C22C04003DC16C /* Release */ = {
			isa = XCBuildConfiguration;
			buildSettings = {
				ALWAYS_SEARCH_USER_PATHS = NO;
				CLANG_ANALYZER_NONNULL = YES;
				CLANG_ANALYZER_NUMBER_OBJECT_CONVERSION = YES_AGGRESSIVE;
				CLANG_CXX_LANGUAGE_STANDARD = "gnu++14";
				CLANG_CXX_LIBRARY = "libc++";
				CLANG_ENABLE_MODULES = YES;
				CLANG_ENABLE_OBJC_ARC = YES;
				CLANG_ENABLE_OBJC_WEAK = YES;
				CLANG_WARN_BLOCK_CAPTURE_AUTORELEASING = YES;
				CLANG_WARN_BOOL_CONVERSION = YES;
				CLANG_WARN_COMMA = YES;
				CLANG_WARN_CONSTANT_CONVERSION = YES;
				CLANG_WARN_DEPRECATED_OBJC_IMPLEMENTATIONS = YES;
				CLANG_WARN_DIRECT_OBJC_ISA_USAGE = YES_ERROR;
				CLANG_WARN_DOCUMENTATION_COMMENTS = YES;
				CLANG_WARN_EMPTY_BODY = YES;
				CLANG_WARN_ENUM_CONVERSION = YES;
				CLANG_WARN_INFINITE_RECURSION = YES;
				CLANG_WARN_INT_CONVERSION = YES;
				CLANG_WARN_NON_LITERAL_NULL_CONVERSION = YES;
				CLANG_WARN_OBJC_IMPLICIT_RETAIN_SELF = YES;
				CLANG_WARN_OBJC_LITERAL_CONVERSION = YES;
				CLANG_WARN_OBJC_ROOT_CLASS = YES_ERROR;
				CLANG_WARN_RANGE_LOOP_ANALYSIS = YES;
				CLANG_WARN_STRICT_PROTOTYPES = YES;
				CLANG_WARN_SUSPICIOUS_MOVE = YES;
				CLANG_WARN_UNGUARDED_AVAILABILITY = YES_AGGRESSIVE;
				CLANG_WARN_UNREACHABLE_CODE = YES;
				CLANG_WARN__DUPLICATE_METHOD_MATCH = YES;
				CODE_SIGN_IDENTITY = "iPhone Developer";
				COPY_PHASE_STRIP = NO;
				DEBUG_INFORMATION_FORMAT = "dwarf-with-dsym";
				ENABLE_NS_ASSERTIONS = NO;
				ENABLE_STRICT_OBJC_MSGSEND = YES;
				GCC_C_LANGUAGE_STANDARD = gnu11;
				GCC_NO_COMMON_BLOCKS = YES;
				GCC_WARN_64_TO_32_BIT_CONVERSION = YES;
				GCC_WARN_ABOUT_RETURN_TYPE = YES_ERROR;
				GCC_WARN_UNDECLARED_SELECTOR = YES;
				GCC_WARN_UNINITIALIZED_AUTOS = YES_AGGRESSIVE;
				GCC_WARN_UNUSED_FUNCTION = YES;
				GCC_WARN_UNUSED_VARIABLE = YES;
				IPHONEOS_DEPLOYMENT_TARGET = 12.1;
				MTL_ENABLE_DEBUG_INFO = NO;
				MTL_FAST_MATH = YES;
				SDKROOT = iphoneos;
				SWIFT_COMPILATION_MODE = wholemodule;
				SWIFT_OPTIMIZATION_LEVEL = "-O";
				VALIDATE_PRODUCT = YES;
			};
			name = Release;
		};
		183A5EB821C22C04003DC16C /* Debug */ = {
			isa = XCBuildConfiguration;
			buildSettings = {
				ASSETCATALOG_COMPILER_APPICON_NAME = AppIcon;
				CODE_SIGN_STYLE = Automatic;
				INFOPLIST_FILE = AutoLayoutDemo3/Info.plist;
				LD_RUNPATH_SEARCH_PATHS = (
					"$(inherited)",
					"@executable_path/Frameworks",
				);
				PRODUCT_BUNDLE_IDENTIFIER = com.codekul.AutoLayoutDemo3;
				PRODUCT_NAME = "$(TARGET_NAME)";
				SWIFT_VERSION = 4.2;
				TARGETED_DEVICE_FAMILY = "1,2";
			};
			name = Debug;
		};
		183A5EB921C22C04003DC16C /* Release */ = {
			isa = XCBuildConfiguration;
			buildSettings = {
				ASSETCATALOG_COMPILER_APPICON_NAME = AppIcon;
				CODE_SIGN_STYLE = Automatic;
				INFOPLIST_FILE = AutoLayoutDemo3/Info.plist;
				LD_RUNPATH_SEARCH_PATHS = (
					"$(inherited)",
					"@executable_path/Frameworks",
				);
				PRODUCT_BUNDLE_IDENTIFIER = com.codekul.AutoLayoutDemo3;
				PRODUCT_NAME = "$(TARGET_NAME)";
				SWIFT_VERSION = 4.2;
				TARGETED_DEVICE_FAMILY = "1,2";
			};
			name = Release;
		};
/* End XCBuildConfiguration section */

/* Begin XCConfigurationList section */
		183A5EA021C22C00003DC16C /* Build configuration list for PBXProject "AutoLayoutDemo3" */ = {
			isa = XCConfigurationList;
			buildConfigurations = (
				183A5EB521C22C04003DC16C /* Debug */,
				183A5EB621C22C04003DC16C /* Release */,
			);
			defaultConfigurationIsVisible = 0;
			defaultConfigurationName = Release;
		};
		183A5EB721C22C04003DC16C /* Build configuration list for PBXNativeTarget "AutoLayoutDemo3" */ = {
			isa = XCConfigurationList;
			buildConfigurations = (
				183A5EB821C22C04003DC16C /* Debug */,
				183A5EB921C22C04003DC16C /* Release */,
			);
			defaultConfigurationIsVisible = 0;
			defaultConfigurationName = Release;
		};
/* End XCConfigurationList section */
	};
	rootObject = 183A5E9D21C22C00003DC16C /* Project object */;
}
