// !$*UTF8*$!
{
	archiveVersion = 1;
	classes = {
	};
	objectVersion = 50;
	objects = {

/* Begin PBXBuildFile section */
		1892486321AFB4D400BC8AD5 /* AppDelegate.swift in Sources */ = {isa = PBXBuildFile; fileRef = 1892486221AFB4D400BC8AD5 /* AppDelegate.swift */; };
		1892486521AFB4D400BC8AD5 /* ViewController.swift in Sources */ = {isa = PBXBuildFile; fileRef = 1892486421AFB4D400BC8AD5 /* ViewController.swift */; };
		1892486821AFB4D400BC8AD5 /* Main.storyboard in Resources */ = {isa = PBXBuildFile; fileRef = 1892486621AFB4D400BC8AD5 /* Main.storyboard */; };
		1892486A21AFB4D600BC8AD5 /* Assets.xcassets in Resources */ = {isa = PBXBuildFile; fileRef = 1892486921AFB4D600BC8AD5 /* Assets.xcassets */; };
		1892486D21AFB4D600BC8AD5 /* LaunchScreen.storyboard in Resources */ = {isa = PBXBuildFile; fileRef = 1892486B21AFB4D600BC8AD5 /* LaunchScreen.storyboard */; };
		1892487521AFB89600BC8AD5 /* SecondViewController.swift in Sources */ = {isa = PBXBuildFile; fileRef = 1892487421AFB89600BC8AD5 /* SecondViewController.swift */; };
		1892487721AFB8A500BC8AD5 /* ThirdViewController.swift in Sources */ = {isa = PBXBuildFile; fileRef = 1892487621AFB8A500BC8AD5 /* ThirdViewController.swift */; };
/* End PBXBuildFile section */

/* Begin PBXFileReference section */
		1892485F21AFB4D400BC8AD5 /* TabbarControllerDemo.app */ = {isa = PBXFileReference; explicitFileType = wrapper.application; includeInIndex = 0; path = TabbarControllerDemo.app; sourceTree = BUILT_PRODUCTS_DIR; };
		1892486221AFB4D400BC8AD5 /* AppDelegate.swift */ = {isa = PBXFileReference; lastKnownFileType = sourcecode.swift; path = AppDelegate.swift; sourceTree = "<group>"; };
		1892486421AFB4D400BC8AD5 /* ViewController.swift */ = {isa = PBXFileReference; lastKnownFileType = sourcecode.swift; path = ViewController.swift; sourceTree = "<group>"; };
		1892486721AFB4D400BC8AD5 /* Base */ = {isa = PBXFileReference; lastKnownFileType = file.storyboard; name = Base; path = Base.lproj/Main.storyboard; sourceTree = "<group>"; };
		1892486921AFB4D600BC8AD5 /* Assets.xcassets */ = {isa = PBXFileReference; lastKnownFileType = folder.assetcatalog; path = Assets.xcassets; sourceTree = "<group>"; };
		1892486C21AFB4D600BC8AD5 /* Base */ = {isa = PBXFileReference; lastKnownFileType = file.storyboard; name = Base; path = Base.lproj/LaunchScreen.storyboard; sourceTree = "<group>"; };
		1892486E21AFB4D600BC8AD5 /* Info.plist */ = {isa = PBXFileReference; lastKnownFileType = text.plist.xml; path = Info.plist; sourceTree = "<group>"; };
		1892487421AFB89600BC8AD5 /* SecondViewController.swift */ = {isa = PBXFileReference; lastKnownFileType = sourcecode.swift; path = SecondViewController.swift; sourceTree = "<group>"; };
		1892487621AFB8A500BC8AD5 /* ThirdViewController.swift */ = {isa = PBXFileReference; lastKnownFileType = sourcecode.swift; path = ThirdViewController.swift; sourceTree = "<group>"; };
/* End PBXFileReference section */

/* Begin PBXFrameworksBuildPhase section */
		1892485C21AFB4D400BC8AD5 /* Frameworks */ = {
			isa = PBXFrameworksBuildPhase;
			buildActionMask = 2147483647;
			files = (
			);
			runOnlyForDeploymentPostprocessing = 0;
		};
/* End PBXFrameworksBuildPhase section */

/* Begin PBXGroup section */
		1892485621AFB4D400BC8AD5 = {
			isa = PBXGroup;
			children = (
				1892486121AFB4D400BC8AD5 /* TabbarControllerDemo */,
				1892486021AFB4D400BC8AD5 /* Products */,
			);
			sourceTree = "<group>";
		};
		1892486021AFB4D400BC8AD5 /* Products */ = {
			isa = PBXGroup;
			children = (
				1892485F21AFB4D400BC8AD5 /* TabbarControllerDemo.app */,
			);
			name = Products;
			sourceTree = "<group>";
		};
		1892486121AFB4D400BC8AD5 /* TabbarControllerDemo */ = {
			isa = PBXGroup;
			children = (
				1892486221AFB4D400BC8AD5 /* AppDelegate.swift */,
				1892486421AFB4D400BC8AD5 /* ViewController.swift */,
				1892487421AFB89600BC8AD5 /* SecondViewController.swift */,
				1892487621AFB8A500BC8AD5 /* ThirdViewController.swift */,
				1892486621AFB4D400BC8AD5 /* Main.storyboard */,
				1892486921AFB4D600BC8AD5 /* Assets.xcassets */,
				1892486B21AFB4D600BC8AD5 /* LaunchScreen.storyboard */,
				1892486E21AFB4D600BC8AD5 /* Info.plist */,
			);
			path = TabbarControllerDemo;
			sourceTree = "<group>";
		};
/* End PBXGroup section */

/* Begin PBXNativeTarget section */
		1892485E21AFB4D400BC8AD5 /* TabbarControllerDemo */ = {
			isa = PBXNativeTarget;
			buildConfigurationList = 1892487121AFB4D600BC8AD5 /* Build configuration list for PBXNativeTarget "TabbarControllerDemo" */;
			buildPhases = (
				1892485B21AFB4D400BC8AD5 /* Sources */,
				1892485C21AFB4D400BC8AD5 /* Frameworks */,
				1892485D21AFB4D400BC8AD5 /* Resources */,
			);
			buildRules = (
			);
			dependencies = (
			);
			name = TabbarControllerDemo;
			productName = TabbarControllerDemo;
			productReference = 1892485F21AFB4D400BC8AD5 /* TabbarControllerDemo.app */;
			productType = "com.apple.product-type.application";
		};
/* End PBXNativeTarget section */

/* Begin PBXProject section */
		1892485721AFB4D400BC8AD5 /* Project object */ = {
			isa = PBXProject;
			attributes = {
				LastSwiftUpdateCheck = 1010;
				LastUpgradeCheck = 1010;
				ORGANIZATIONNAME = Codekul;
				TargetAttributes = {
					1892485E21AFB4D400BC8AD5 = {
						CreatedOnToolsVersion = 10.1;
					};
				};
			};
			buildConfigurationList = 1892485A21AFB4D400BC8AD5 /* Build configuration list for PBXProject "TabbarControllerDemo" */;
			compatibilityVersion = "Xcode 9.3";
			developmentRegion = en;
			hasScannedForEncodings = 0;
			knownRegions = (
				en,
				Base,
			);
			mainGroup = 1892485621AFB4D400BC8AD5;
			productRefGroup = 1892486021AFB4D400BC8AD5 /* Products */;
			projectDirPath = "";
			projectRoot = "";
			targets = (
				1892485E21AFB4D400BC8AD5 /* TabbarControllerDemo */,
			);
		};
/* End PBXProject section */

/* Begin PBXResourcesBuildPhase section */
		1892485D21AFB4D400BC8AD5 /* Resources */ = {
			isa = PBXResourcesBuildPhase;
			buildActionMask = 2147483647;
			files = (
				1892486D21AFB4D600BC8AD5 /* LaunchScreen.storyboard in Resources */,
				1892486A21AFB4D600BC8AD5 /* Assets.xcassets in Resources */,
				1892486821AFB4D400BC8AD5 /* Main.storyboard in Resources */,
			);
			runOnlyForDeploymentPostprocessing = 0;
		};
/* End PBXResourcesBuildPhase section */

/* Begin PBXSourcesBuildPhase section */
		1892485B21AFB4D400BC8AD5 /* Sources */ = {
			isa = PBXSourcesBuildPhase;
			buildActionMask = 2147483647;
			files = (
				1892487521AFB89600BC8AD5 /* SecondViewController.swift in Sources */,
				1892486521AFB4D400BC8AD5 /* ViewController.swift in Sources */,
				1892487721AFB8A500BC8AD5 /* ThirdViewController.swift in Sources */,
				1892486321AFB4D400BC8AD5 /* AppDelegate.swift in Sources */,
			);
			runOnlyForDeploymentPostprocessing = 0;
		};
/* End PBXSourcesBuildPhase section */

/* Begin PBXVariantGroup section */
		1892486621AFB4D400BC8AD5 /* Main.storyboard */ = {
			isa = PBXVariantGroup;
			children = (
				1892486721AFB4D400BC8AD5 /* Base */,
			);
			name = Main.storyboard;
			sourceTree = "<group>";
		};
		1892486B21AFB4D600BC8AD5 /* LaunchScreen.storyboard */ = {
			isa = PBXVariantGroup;
			children = (
				1892486C21AFB4D600BC8AD5 /* Base */,
			);
			name = LaunchScreen.storyboard;
			sourceTree = "<group>";
		};
/* End PBXVariantGroup section */

/* Begin XCBuildConfiguration section */
		1892486F21AFB4D600BC8AD5 /* Debug */ = {
			isa = XCBuildConfiguration;
			buildSettings = {
				ALWAYS_SEARCH_USER_PATHS = NO;
				CLANG_ANALYZER_NONNULL = YES;
				CLANG_ANALYZER_NUMBER_OBJECT_CONVERSION = YES_AGGRESSIVE;
				CLANG_CXX_LANGUAGE_STANDARD = "gnu++14";
				CLANG_CXX_LIBRARY = "libc++";
				CLANG_ENABLE_MODULES = YES;
				CLANG_ENABLE_OBJC_ARC = YES;
				CLANG_ENABLE_OBJC_WEAK = YES;
				CLANG_WARN_BLOCK_CAPTURE_AUTORELEASING = YES;
				CLANG_WARN_BOOL_CONVERSION = YES;
				CLANG_WARN_COMMA = YES;
				CLANG_WARN_CONSTANT_CONVERSION = YES;
				CLANG_WARN_DEPRECATED_OBJC_IMPLEMENTATIONS = YES;
				CLANG_WARN_DIRECT_OBJC_ISA_USAGE = YES_ERROR;
				CLANG_WARN_DOCUMENTATION_COMMENTS = YES;
				CLANG_WARN_EMPTY_BODY = YES;
				CLANG_WARN_ENUM_CONVERSION = YES;
				CLANG_WARN_INFINITE_RECURSION = YES;
				CLANG_WARN_INT_CONVERSION = YES;
				CLANG_WARN_NON_LITERAL_NULL_CONVERSION = YES;
				CLANG_WARN_OBJC_IMPLICIT_RETAIN_SELF = YES;
				CLANG_WARN_OBJC_LITERAL_CONVERSION = YES;
				CLANG_WARN_OBJC_ROOT_CLASS = YES_ERROR;
				CLANG_WARN_RANGE_LOOP_ANALYSIS = YES;
				CLANG_WARN_STRICT_PROTOTYPES = YES;
				CLANG_WARN_SUSPICIOUS_MOVE = YES;
				CLANG_WARN_UNGUARDED_AVAILABILITY = YES_AGGRESSIVE;
				CLANG_WARN_UNREACHABLE_CODE = YES;
				CLANG_WARN__DUPLICATE_METHOD_MATCH = YES;
				CODE_SIGN_IDENTITY = "iPhone Developer";
				COPY_PHASE_STRIP = NO;
				DEBUG_INFORMATION_FORMAT = dwarf;
				ENABLE_STRICT_OBJC_MSGSEND = YES;
				ENABLE_TESTABILITY = YES;
				GCC_C_LANGUAGE_STANDARD = gnu11;
				GCC_DYNAMIC_NO_PIC = NO;
				GCC_NO_COMMON_BLOCKS = YES;
				GCC_OPTIMIZATION_LEVEL = 0;
				GCC_PREPROCESSOR_DEFINITIONS = (
					"DEBUG=1",
					"$(inherited)",
				);
				GCC_WARN_64_TO_32_BIT_CONVERSION = YES;
				GCC_WARN_ABOUT_RETURN_TYPE = YES_ERROR;
				GCC_WARN_UNDECLARED_SELECTOR = YES;
				GCC_WARN_UNINITIALIZED_AUTOS = YES_AGGRESSIVE;
				GCC_WARN_UNUSED_FUNCTION = YES;
				GCC_WARN_UNUSED_VARIABLE = YES;
				IPHONEOS_DEPLOYMENT_TARGET = 12.1;
				MTL_ENABLE_DEBUG_INFO = INCLUDE_SOURCE;
				MTL_FAST_MATH = YES;
				ONLY_ACTIVE_ARCH = YES;
				SDKROOT = iphoneos;
				SWIFT_ACTIVE_COMPILATION_CONDITIONS = DEBUG;
				SWIFT_OPTIMIZATION_LEVEL = "-Onone";
			};
			name = Debug;
		};
		1892487021AFB4D600BC8AD5 /* Release */ = {
			isa = XCBuildConfiguration;
			buildSettings = {
				ALWAYS_SEARCH_USER_PATHS = NO;
				CLANG_ANALYZER_NONNULL = YES;
				CLANG_ANALYZER_NUMBER_OBJECT_CONVERSION = YES_AGGRESSIVE;
				CLANG_CXX_LANGUAGE_STANDARD = "gnu++14";
				CLANG_CXX_LIBRARY = "libc++";
				CLANG_ENABLE_MODULES = YES;
				CLANG_ENABLE_OBJC_ARC = YES;
				CLANG_ENABLE_OBJC_WEAK = YES;
				CLANG_WARN_BLOCK_CAPTURE_AUTORELEASING = YES;
				CLANG_WARN_BOOL_CONVERSION = YES;
				CLANG_WARN_COMMA = YES;
				CLANG_WARN_CONSTANT_CONVERSION = YES;
				CLANG_WARN_DEPRECATED_OBJC_IMPLEMENTATIONS = YES;
				CLANG_WARN_DIRECT_OBJC_ISA_USAGE = YES_ERROR;
				CLANG_WARN_DOCUMENTATION_COMMENTS = YES;
				CLANG_WARN_EMPTY_BODY = YES;
				CLANG_WARN_ENUM_CONVERSION = YES;
				CLANG_WARN_INFINITE_RECURSION = YES;
				CLANG_WARN_INT_CONVERSION = YES;
				CLANG_WARN_NON_LITERAL_NULL_CONVERSION = YES;
				CLANG_WARN_OBJC_IMPLICIT_RETAIN_SELF = YES;
				CLANG_WARN_OBJC_LITERAL_CONVERSION = YES;
				CLANG_WARN_OBJC_ROOT_CLASS = YES_ERROR;
				CLANG_WARN_RANGE_LOOP_ANALYSIS = YES;
				CLANG_WARN_STRICT_PROTOTYPES = YES;
				CLANG_WARN_SUSPICIOUS_MOVE = YES;
				CLANG_WARN_UNGUARDED_AVAILABILITY = YES_AGGRESSIVE;
				CLANG_WARN_UNREACHABLE_CODE = YES;
				CLANG_WARN__DUPLICATE_METHOD_MATCH = YES;
				CODE_SIGN_IDENTITY = "iPhone Developer";
				COPY_PHASE_STRIP = NO;
				DEBUG_INFORMATION_FORMAT = "dwarf-with-dsym";
				ENABLE_NS_ASSERTIONS = NO;
				ENABLE_STRICT_OBJC_MSGSEND = YES;
				GCC_C_LANGUAGE_STANDARD = gnu11;
				GCC_NO_COMMON_BLOCKS = YES;
				GCC_WARN_64_TO_32_BIT_CONVERSION = YES;
				GCC_WARN_ABOUT_RETURN_TYPE = YES_ERROR;
				GCC_WARN_UNDECLARED_SELECTOR = YES;
				GCC_WARN_UNINITIALIZED_AUTOS = YES_AGGRESSIVE;
				GCC_WARN_UNUSED_FUNCTION = YES;
				GCC_WARN_UNUSED_VARIABLE = YES;
				IPHONEOS_DEPLOYMENT_TARGET = 12.1;
				MTL_ENABLE_DEBUG_INFO = NO;
				MTL_FAST_MATH = YES;
				SDKROOT = iphoneos;
				SWIFT_COMPILATION_MODE = wholemodule;
				SWIFT_OPTIMIZATION_LEVEL = "-O";
				VALIDATE_PRODUCT = YES;
			};
			name = Release;
		};
		1892487221AFB4D600BC8AD5 /* Debug */ = {
			isa = XCBuildConfiguration;
			buildSettings = {
				ASSETCATALOG_COMPILER_APPICON_NAME = AppIcon;
				CODE_SIGN_STYLE = Automatic;
				INFOPLIST_FILE = TabbarControllerDemo/Info.plist;
				LD_RUNPATH_SEARCH_PATHS = (
					"$(inherited)",
					"@executable_path/Frameworks",
				);
				PRODUCT_BUNDLE_IDENTIFIER = com.codekul.TabbarControllerDemo;
				PRODUCT_NAME = "$(TARGET_NAME)";
				SWIFT_VERSION = 4.2;
				TARGETED_DEVICE_FAMILY = "1,2";
			};
			name = Debug;
		};
		1892487321AFB4D600BC8AD5 /* Release */ = {
			isa = XCBuildConfiguration;
			buildSettings = {
				ASSETCATALOG_COMPILER_APPICON_NAME = AppIcon;
				CODE_SIGN_STYLE = Automatic;
				INFOPLIST_FILE = TabbarControllerDemo/Info.plist;
				LD_RUNPATH_SEARCH_PATHS = (
					"$(inherited)",
					"@executable_path/Frameworks",
				);
				PRODUCT_BUNDLE_IDENTIFIER = com.codekul.TabbarControllerDemo;
				PRODUCT_NAME = "$(TARGET_NAME)";
				SWIFT_VERSION = 4.2;
				TARGETED_DEVICE_FAMILY = "1,2";
			};
			name = Release;
		};
/* End XCBuildConfiguration section */

/* Begin XCConfigurationList section */
		1892485A21AFB4D400BC8AD5 /* Build configuration list for PBXProject "TabbarControllerDemo" */ = {
			isa = XCConfigurationList;
			buildConfigurations = (
				1892486F21AFB4D600BC8AD5 /* Debug */,
				1892487021AFB4D600BC8AD5 /* Release */,
			);
			defaultConfigurationIsVisible = 0;
			defaultConfigurationName = Release;
		};
		1892487121AFB4D600BC8AD5 /* Build configuration list for PBXNativeTarget "TabbarControllerDemo" */ = {
			isa = XCConfigurationList;
			buildConfigurations = (
				1892487221AFB4D600BC8AD5 /* Debug */,
				1892487321AFB4D600BC8AD5 /* Release */,
			);
			defaultConfigurationIsVisible = 0;
			defaultConfigurationName = Release;
		};
/* End XCConfigurationList section */
	};
	rootObject = 1892485721AFB4D400BC8AD5 /* Project object */;
}
